Microsoft Visual Studio Solution File, Format Version 12.00
# Visual Studio 15
VisualStudioVersion = 15.0.26430.14
MinimumVisualStudioVersion = 10.0.40219.1
Project("{FAE04EC0-301F-11D3-BF4B-00C04F79EFBC}") = "SwaggerPetstore.Standard", "SwaggerPetstore.Standard/SwaggerPetstore.Standard.csproj", "{a7391299-bf78-4662-b88e-d10a237e9f32}"
EndProject
Project("{FAE04EC0-301F-11D3-BF4B-00C04F79EFBC}") = "SwaggerPetstore.Tests", "SwaggerPetstore.Tests/SwaggerPetstore.Tests.csproj", "{8e022b9b-6b67-41c4-bc5f-b751e64ceee4}"
EndProject
Global
    GlobalSection(SolutionConfigurationPlatforms) = preSolution
        Debug|Any CPU = Debug|Any CPU
        Release|Any CPU = Release|Any CPU
    EndGlobalSection
    GlobalSection(ProjectConfigurationPlatforms) = postSolution
        {a7391299-bf78-4662-b88e-d10a237e9f32}.Debug|Any CPU.ActiveCfg = Debug|Any CPU
        {a7391299-bf78-4662-b88e-d10a237e9f32}.Debug|Any CPU.Build.0 = Debug|Any CPU
        {a7391299-bf78-4662-b88e-d10a237e9f32}.Release|Any CPU.ActiveCfg = Release|Any CPU
        {a7391299-bf78-4662-b88e-d10a237e9f32}.Release|Any CPU.Build.0 = Release|Any CPU
        {8e022b9b-6b67-41c4-bc5f-b751e64ceee4}.Debug|Any CPU.ActiveCfg = Debug|Any CPU
        {8e022b9b-6b67-41c4-bc5f-b751e64ceee4}.Debug|Any CPU.Build.0 = Debug|Any CPU
        {8e022b9b-6b67-41c4-bc5f-b751e64ceee4}.Release|Any CPU.ActiveCfg = Release|Any CPU
        {8e022b9b-6b67-41c4-bc5f-b751e64ceee4}.Release|Any CPU.Build.0 = Release|Any CPU
    EndGlobalSection
    GlobalSection(SolutionProperties) = preSolution
        HideSolutionNode = FALSE
    EndGlobalSection
EndGlobal
